
Microsoft Visual Studio Solution File, Format Version 12.00
# Visual Studio Version 17
VisualStudioVersion = 17.5.002.0
MinimumVisualStudioVersion = 10.0.40219.1
Project("{2150E333-8FDC-42A3-9474-1A3956D46DE8}") = "Start", "Start", "{B97D6688-4B8B-4647-B2A3-91402D15E91E}"
EndProject
Project("{2150E333-8FDC-42A3-9474-1A3956D46DE8}") = "Files", "Files", "{B22BF5CD-DC04-4BEF-A6F0-D3C9B7B7D80E}"
EndProject
Project("{9A19103F-16F7-4668-BE54-9A1E7A4F7556}") = "CreateFiles", "Start\Files\CreateFiles\CreateFiles.csproj", "{AB730797-0F02-45F1-8660-624594F20649}"
EndProject
Project("{9A19103F-16F7-4668-BE54-9A1E7A4F7556}") = "Directories", "Start\Files\Directories\Directories.csproj", "{426E04B7-5E6A-4E71-9FA1-C3431BAEFF2B}"
EndProject
Project("{9A19103F-16F7-4668-BE54-9A1E7A4F7556}") = "FileInfo", "Start\Files\FileInfo\FileInfo.csproj", "{D120DEA5-4816-4C32-BB06-3555EB21D85A}"
EndProject
Project("{9A19103F-16F7-4668-BE54-9A1E7A4F7556}") = "ReadWriteFiles", "Start\Files\ReadWriteFiles\ReadWriteFiles.csproj", "{9DAD0218-835D-4831-A903-3EB073953C76}"
EndProject
Project("{2150E333-8FDC-42A3-9474-1A3956D46DE8}") = "NumbersDates", "NumbersDates", "{5A2A575F-8F57-4AC9-8EA6-8B9A6D91345C}"
EndProject
Project("{9A19103F-16F7-4668-BE54-9A1E7A4F7556}") = "DateTimeClass", "Start\NumbersDates\DateTimeClass\DateTimeClass.csproj", "{358AEF84-CC5C-4BDA-BCF4-F0FC5CBD29E1}"
EndProject
Project("{9A19103F-16F7-4668-BE54-9A1E7A4F7556}") = "FormatDates", "Start\NumbersDates\FormatDates\FormatDates.csproj", "{FAE3A10E-A45D-487A-A7B8-753CF370B613}"
EndProject
Project("{9A19103F-16F7-4668-BE54-9A1E7A4F7556}") = "FormatNumbers", "Start\NumbersDates\FormatNumbers\FormatNumbers.csproj", "{D9458631-8AF8-443D-BE2F-A9E59203E632}"
EndProject
Project("{9A19103F-16F7-4668-BE54-9A1E7A4F7556}") = "ParseDates", "Start\NumbersDates\ParseDates\ParseDates.csproj", "{B683C206-61DC-447F-BC93-B19066E66C08}"
EndProject
Project("{9A19103F-16F7-4668-BE54-9A1E7A4F7556}") = "ParseNumbers", "Start\NumbersDates\ParseNumbers\ParseNumbers.csproj", "{9DD44CDE-64CE-4B15-AF54-368DE0DA0908}"
EndProject
Project("{2150E333-8FDC-42A3-9474-1A3956D46DE8}") = "Overview", "Overview", "{AB09249D-71A1-4307-837B-5604B4D9CA43}"
EndProject
Project("{9A19103F-16F7-4668-BE54-9A1E7A4F7556}") = "DataTypes", "Start\Overview\DataTypes\DataTypes.csproj", "{4FC92494-D780-421A-B17A-561EE20CC477}"
EndProject
Project("{9A19103F-16F7-4668-BE54-9A1E7A4F7556}") = "GarbageCollect", "Start\Overview\GarbageCollect\GarbageCollect.csproj", "{6FFA7760-CDCB-4E1D-BA9A-F88739A0B0BD}"
EndProject
Project("{9A19103F-16F7-4668-BE54-9A1E7A4F7556}") = "MyConsoleApp", "Start\Overview\MyConsoleApp\MyConsoleApp.csproj", "{E6D0A308-D0AB-42A4-8D6A-C7CFDBC28F01}"
EndProject
Project("{2150E333-8FDC-42A3-9474-1A3956D46DE8}") = "Regex", "Regex", "{726F9674-6E1C-43B2-9E47-E79B1980443B}"
EndProject
Project("{9A19103F-16F7-4668-BE54-9A1E7A4F7556}") = "Finding", "Start\Regex\Finding\Finding.csproj", "{254B18F0-F6BC-4E74-8F55-4E1B6D2A8DF5}"
EndProject
Project("{9A19103F-16F7-4668-BE54-9A1E7A4F7556}") = "Replacing", "Start\Regex\Replacing\Replacing.csproj", "{438456D4-04B2-4708-8E46-E57113012A5A}"
EndProject
Project("{9A19103F-16F7-4668-BE54-9A1E7A4F7556}") = "RegexTimeouts", "Start\Regex\Timeouts\RegexTimeouts.csproj", "{BE96CAEE-7EAE-40BC-BC56-2E57C2110DEF}"
EndProject
Project("{2150E333-8FDC-42A3-9474-1A3956D46DE8}") = "Strings", "Strings", "{8748F568-AD95-4482-9BEF-8D0006EC12B0}"
EndProject
Project("{9A19103F-16F7-4668-BE54-9A1E7A4F7556}") = "Formatting", "Start\Strings\Formatting\Formatting.csproj", "{E44DA3D5-0B60-4825-A5B1-E5E55EA4763F}"
EndProject
Project("{9A19103F-16F7-4668-BE54-9A1E7A4F7556}") = "Interpolation", "Start\Strings\Interpolation\Interpolation.csproj", "{2CAAA7E3-47F9-4FB1-80C8-192440BF41D8}"
EndProject
Project("{9A19103F-16F7-4668-BE54-9A1E7A4F7556}") = "Manipulation", "Start\Strings\Manipulation\Manipulation.csproj", "{D418F9E0-AAEE-45FB-B11E-6E649F9D7B2D}"
EndProject
Project("{9A19103F-16F7-4668-BE54-9A1E7A4F7556}") = "Searching", "Start\Strings\Searching\Searching.csproj", "{09BC6BC8-7F0F-4386-A904-DF858A4310A0}"
EndProject
Global
	GlobalSection(SolutionConfigurationPlatforms) = preSolution
		Debug|Any CPU = Debug|Any CPU
		Release|Any CPU = Release|Any CPU
	EndGlobalSection
	GlobalSection(ProjectConfigurationPlatforms) = postSolution
		{AB730797-0F02-45F1-8660-624594F20649}.Debug|Any CPU.ActiveCfg = Debug|Any CPU
		{AB730797-0F02-45F1-8660-624594F20649}.Debug|Any CPU.Build.0 = Debug|Any CPU
		{AB730797-0F02-45F1-8660-624594F20649}.Release|Any CPU.ActiveCfg = Release|Any CPU
		{AB730797-0F02-45F1-8660-624594F20649}.Release|Any CPU.Build.0 = Release|Any CPU
		{426E04B7-5E6A-4E71-9FA1-C3431BAEFF2B}.Debug|Any CPU.ActiveCfg = Debug|Any CPU
		{426E04B7-5E6A-4E71-9FA1-C3431BAEFF2B}.Debug|Any CPU.Build.0 = Debug|Any CPU
		{426E04B7-5E6A-4E71-9FA1-C3431BAEFF2B}.Release|Any CPU.ActiveCfg = Release|Any CPU
		{426E04B7-5E6A-4E71-9FA1-C3431BAEFF2B}.Release|Any CPU.Build.0 = Release|Any CPU
		{D120DEA5-4816-4C32-BB06-3555EB21D85A}.Debug|Any CPU.ActiveCfg = Debug|Any CPU
		{D120DEA5-4816-4C32-BB06-3555EB21D85A}.Debug|Any CPU.Build.0 = Debug|Any CPU
		{D120DEA5-4816-4C32-BB06-3555EB21D85A}.Release|Any CPU.ActiveCfg = Release|Any CPU
		{D120DEA5-4816-4C32-BB06-3555EB21D85A}.Release|Any CPU.Build.0 = Release|Any CPU
		{9DAD0218-835D-4831-A903-3EB073953C76}.Debug|Any CPU.ActiveCfg = Debug|Any CPU
		{9DAD0218-835D-4831-A903-3EB073953C76}.Debug|Any CPU.Build.0 = Debug|Any CPU
		{9DAD0218-835D-4831-A903-3EB073953C76}.Release|Any CPU.ActiveCfg = Release|Any CPU
		{9DAD0218-835D-4831-A903-3EB073953C76}.Release|Any CPU.Build.0 = Release|Any CPU
		{358AEF84-CC5C-4BDA-BCF4-F0FC5CBD29E1}.Debug|Any CPU.ActiveCfg = Debug|Any CPU
		{358AEF84-CC5C-4BDA-BCF4-F0FC5CBD29E1}.Debug|Any CPU.Build.0 = Debug|Any CPU
		{358AEF84-CC5C-4BDA-BCF4-F0FC5CBD29E1}.Release|Any CPU.ActiveCfg = Release|Any CPU
		{358AEF84-CC5C-4BDA-BCF4-F0FC5CBD29E1}.Release|Any CPU.Build.0 = Release|Any CPU
		{FAE3A10E-A45D-487A-A7B8-753CF370B613}.Debug|Any CPU.ActiveCfg = Debug|Any CPU
		{FAE3A10E-A45D-487A-A7B8-753CF370B613}.Debug|Any CPU.Build.0 = Debug|Any CPU
		{FAE3A10E-A45D-487A-A7B8-753CF370B613}.Release|Any CPU.ActiveCfg = Release|Any CPU
		{FAE3A10E-A45D-487A-A7B8-753CF370B613}.Release|Any CPU.Build.0 = Release|Any CPU
		{D9458631-8AF8-443D-BE2F-A9E59203E632}.Debug|Any CPU.ActiveCfg = Debug|Any CPU
		{D9458631-8AF8-443D-BE2F-A9E59203E632}.Debug|Any CPU.Build.0 = Debug|Any CPU
		{D9458631-8AF8-443D-BE2F-A9E59203E632}.Release|Any CPU.ActiveCfg = Release|Any CPU
		{D9458631-8AF8-443D-BE2F-A9E59203E632}.Release|Any CPU.Build.0 = Release|Any CPU
		{B683C206-61DC-447F-BC93-B19066E66C08}.Debug|Any CPU.ActiveCfg = Debug|Any CPU
		{B683C206-61DC-447F-BC93-B19066E66C08}.Debug|Any CPU.Build.0 = Debug|Any CPU
		{B683C206-61DC-447F-BC93-B19066E66C08}.Release|Any CPU.ActiveCfg = Release|Any CPU
		{B683C206-61DC-447F-BC93-B19066E66C08}.Release|Any CPU.Build.0 = Release|Any CPU
		{9DD44CDE-64CE-4B15-AF54-368DE0DA0908}.Debug|Any CPU.ActiveCfg = Debug|Any CPU
		{9DD44CDE-64CE-4B15-AF54-368DE0DA0908}.Debug|Any CPU.Build.0 = Debug|Any CPU
		{9DD44CDE-64CE-4B15-AF54-368DE0DA0908}.Release|Any CPU.ActiveCfg = Release|Any CPU
		{9DD44CDE-64CE-4B15-AF54-368DE0DA0908}.Release|Any CPU.Build.0 = Release|Any CPU
		{4FC92494-D780-421A-B17A-561EE20CC477}.Debug|Any CPU.ActiveCfg = Debug|Any CPU
		{4FC92494-D780-421A-B17A-561EE20CC477}.Debug|Any CPU.Build.0 = Debug|Any CPU
		{4FC92494-D780-421A-B17A-561EE20CC477}.Release|Any CPU.ActiveCfg = Release|Any CPU
		{4FC92494-D780-421A-B17A-561EE20CC477}.Release|Any CPU.Build.0 = Release|Any CPU
		{6FFA7760-CDCB-4E1D-BA9A-F88739A0B0BD}.Debug|Any CPU.ActiveCfg = Debug|Any CPU
		{6FFA7760-CDCB-4E1D-BA9A-F88739A0B0BD}.Debug|Any CPU.Build.0 = Debug|Any CPU
		{6FFA7760-CDCB-4E1D-BA9A-F88739A0B0BD}.Release|Any CPU.ActiveCfg = Release|Any CPU
		{6FFA7760-CDCB-4E1D-BA9A-F88739A0B0BD}.Release|Any CPU.Build.0 = Release|Any CPU
		{E6D0A308-D0AB-42A4-8D6A-C7CFDBC28F01}.Debug|Any CPU.ActiveCfg = Debug|Any CPU
		{E6D0A308-D0AB-42A4-8D6A-C7CFDBC28F01}.Debug|Any CPU.Build.0 = Debug|Any CPU
		{E6D0A308-D0AB-42A4-8D6A-C7CFDBC28F01}.Release|Any CPU.ActiveCfg = Release|Any CPU
		{E6D0A308-D0AB-42A4-8D6A-C7CFDBC28F01}.Release|Any CPU.Build.0 = Release|Any CPU
		{254B18F0-F6BC-4E74-8F55-4E1B6D2A8DF5}.Debug|Any CPU.ActiveCfg = Debug|Any CPU
		{254B18F0-F6BC-4E74-8F55-4E1B6D2A8DF5}.Debug|Any CPU.Build.0 = Debug|Any CPU
		{254B18F0-F6BC-4E74-8F55-4E1B6D2A8DF5}.Release|Any CPU.ActiveCfg = Release|Any CPU
		{254B18F0-F6BC-4E74-8F55-4E1B6D2A8DF5}.Release|Any CPU.Build.0 = Release|Any CPU
		{438456D4-04B2-4708-8E46-E57113012A5A}.Debug|Any CPU.ActiveCfg = Debug|Any CPU
		{438456D4-04B2-4708-8E46-E57113012A5A}.Debug|Any CPU.Build.0 = Debug|Any CPU
		{438456D4-04B2-4708-8E46-E57113012A5A}.Release|Any CPU.ActiveCfg = Release|Any CPU
		{438456D4-04B2-4708-8E46-E57113012A5A}.Release|Any CPU.Build.0 = Release|Any CPU
		{BE96CAEE-7EAE-40BC-BC56-2E57C2110DEF}.Debug|Any CPU.ActiveCfg = Debug|Any CPU
		{BE96CAEE-7EAE-40BC-BC56-2E57C2110DEF}.Debug|Any CPU.Build.0 = Debug|Any CPU
		{BE96CAEE-7EAE-40BC-BC56-2E57C2110DEF}.Release|Any CPU.ActiveCfg = Release|Any CPU
		{BE96CAEE-7EAE-40BC-BC56-2E57C2110DEF}.Release|Any CPU.Build.0 = Release|Any CPU
		{E44DA3D5-0B60-4825-A5B1-E5E55EA4763F}.Debug|Any CPU.ActiveCfg = Debug|Any CPU
		{E44DA3D5-0B60-4825-A5B1-E5E55EA4763F}.Debug|Any CPU.Build.0 = Debug|Any CPU
		{E44DA3D5-0B60-4825-A5B1-E5E55EA4763F}.Release|Any CPU.ActiveCfg = Release|Any CPU
		{E44DA3D5-0B60-4825-A5B1-E5E55EA4763F}.Release|Any CPU.Build.0 = Release|Any CPU
		{2CAAA7E3-47F9-4FB1-80C8-192440BF41D8}.Debug|Any CPU.ActiveCfg = Debug|Any CPU
		{2CAAA7E3-47F9-4FB1-80C8-192440BF41D8}.Debug|Any CPU.Build.0 = Debug|Any CPU
		{2CAAA7E3-47F9-4FB1-80C8-192440BF41D8}.Release|Any CPU.ActiveCfg = Release|Any CPU
		{2CAAA7E3-47F9-4FB1-80C8-192440BF41D8}.Release|Any CPU.Build.0 = Release|Any CPU
		{D418F9E0-AAEE-45FB-B11E-6E649F9D7B2D}.Debug|Any CPU.ActiveCfg = Debug|Any CPU
		{D418F9E0-AAEE-45FB-B11E-6E649F9D7B2D}.Debug|Any CPU.Build.0 = Debug|Any CPU
		{D418F9E0-AAEE-45FB-B11E-6E649F9D7B2D}.Release|Any CPU.ActiveCfg = Release|Any CPU
		{D418F9E0-AAEE-45FB-B11E-6E649F9D7B2D}.Release|Any CPU.Build.0 = Release|Any CPU
		{09BC6BC8-7F0F-4386-A904-DF858A4310A0}.Debug|Any CPU.ActiveCfg = Debug|Any CPU
		{09BC6BC8-7F0F-4386-A904-DF858A4310A0}.Debug|Any CPU.Build.0 = Debug|Any CPU
		{09BC6BC8-7F0F-4386-A904-DF858A4310A0}.Release|Any CPU.ActiveCfg = Release|Any CPU
		{09BC6BC8-7F0F-4386-A904-DF858A4310A0}.Release|Any CPU.Build.0 = Release|Any CPU
	EndGlobalSection
	GlobalSection(SolutionProperties) = preSolution
		HideSolutionNode = FALSE
	EndGlobalSection
	GlobalSection(NestedProjects) = preSolution
		{B22BF5CD-DC04-4BEF-A6F0-D3C9B7B7D80E} = {B97D6688-4B8B-4647-B2A3-91402D15E91E}
		{AB730797-0F02-45F1-8660-624594F20649} = {B22BF5CD-DC04-4BEF-A6F0-D3C9B7B7D80E}
		{426E04B7-5E6A-4E71-9FA1-C3431BAEFF2B} = {B22BF5CD-DC04-4BEF-A6F0-D3C9B7B7D80E}
		{D120DEA5-4816-4C32-BB06-3555EB21D85A} = {B22BF5CD-DC04-4BEF-A6F0-D3C9B7B7D80E}
		{9DAD0218-835D-4831-A903-3EB073953C76} = {B22BF5CD-DC04-4BEF-A6F0-D3C9B7B7D80E}
		{5A2A575F-8F57-4AC9-8EA6-8B9A6D91345C} = {B97D6688-4B8B-4647-B2A3-91402D15E91E}
		{358AEF84-CC5C-4BDA-BCF4-F0FC5CBD29E1} = {5A2A575F-8F57-4AC9-8EA6-8B9A6D91345C}
		{FAE3A10E-A45D-487A-A7B8-753CF370B613} = {5A2A575F-8F57-4AC9-8EA6-8B9A6D91345C}
		{D9458631-8AF8-443D-BE2F-A9E59203E632} = {5A2A575F-8F57-4AC9-8EA6-8B9A6D91345C}
		{B683C206-61DC-447F-BC93-B19066E66C08} = {5A2A575F-8F57-4AC9-8EA6-8B9A6D91345C}
		{9DD44CDE-64CE-4B15-AF54-368DE0DA0908} = {5A2A575F-8F57-4AC9-8EA6-8B9A6D91345C}
		{AB09249D-71A1-4307-837B-5604B4D9CA43} = {B97D6688-4B8B-4647-B2A3-91402D15E91E}
		{4FC92494-D780-421A-B17A-561EE20CC477} = {AB09249D-71A1-4307-837B-5604B4D9CA43}
		{6FFA7760-CDCB-4E1D-BA9A-F88739A0B0BD} = {AB09249D-71A1-4307-837B-5604B4D9CA43}
		{E6D0A308-D0AB-42A4-8D6A-C7CFDBC28F01} = {AB09249D-71A1-4307-837B-5604B4D9CA43}
		{726F9674-6E1C-43B2-9E47-E79B1980443B} = {B97D6688-4B8B-4647-B2A3-91402D15E91E}
		{254B18F0-F6BC-4E74-8F55-4E1B6D2A8DF5} = {726F9674-6E1C-43B2-9E47-E79B1980443B}
		{438456D4-04B2-4708-8E46-E57113012A5A} = {726F9674-6E1C-43B2-9E47-E79B1980443B}
		{BE96CAEE-7EAE-40BC-BC56-2E57C2110DEF} = {726F9674-6E1C-43B2-9E47-E79B1980443B}
		{8748F568-AD95-4482-9BEF-8D0006EC12B0} = {B97D6688-4B8B-4647-B2A3-91402D15E91E}
		{E44DA3D5-0B60-4825-A5B1-E5E55EA4763F} = {8748F568-AD95-4482-9BEF-8D0006EC12B0}
		{2CAAA7E3-47F9-4FB1-80C8-192440BF41D8} = {8748F568-AD95-4482-9BEF-8D0006EC12B0}
		{D418F9E0-AAEE-45FB-B11E-6E649F9D7B2D} = {8748F568-AD95-4482-9BEF-8D0006EC12B0}
		{09BC6BC8-7F0F-4386-A904-DF858A4310A0} = {8748F568-AD95-4482-9BEF-8D0006EC12B0}
	EndGlobalSection
	GlobalSection(ExtensibilityGlobals) = postSolution
		SolutionGuid = {5EEF3120-819A-4892-9275-C0C9BC6D8387}
	EndGlobalSection
EndGlobal
